
Microsoft Visual Studio Solution File, Format Version 12.00
# Visual Studio 15
VisualStudioVersion = 15.0.28307.779
MinimumVisualStudioVersion = 10.0.40219.1
Project("{FAE04EC0-301F-11D3-BF4B-00C04F79EFBC}") = "EchoServer", "EchoServer\EchoServer.csproj", "{7D1B574B-C3AF-493D-A33C-A7AF65621A11}"
EndProject
Global
	GlobalSection(SolutionConfigurationPlatforms) = preSolution
		Debug|Any CPU = Debug|Any CPU
		Release|Any CPU = Release|Any CPU
	EndGlobalSection
	GlobalSection(ProjectConfigurationPlatforms) = postSolution
		{7D1B574B-C3AF-493D-A33C-A7AF65621A11}.Debug|Any CPU.ActiveCfg = Debug|Any CPU
		{7D1B574B-C3AF-493D-A33C-A7AF65621A11}.Debug|Any CPU.Build.0 = Debug|Any CPU
		{7D1B574B-C3AF-493D-A33C-A7AF65621A11}.Release|Any CPU.ActiveCfg = Release|Any CPU
		{7D1B574B-C3AF-493D-A33C-A7AF65621A11}.Release|Any CPU.Build.0 = Release|Any CPU
	EndGlobalSection
	GlobalSection(SolutionProperties) = preSolution
		HideSolutionNode = FALSE
	EndGlobalSection
	GlobalSection(ExtensibilityGlobals) = postSolution
		SolutionGuid = {2F76C1A6-7A00-4D7F-AD83-160592771B81}
	EndGlobalSection
EndGlobal
